{
  "name": "07-framework-auth",
  "lockfileVersion": 3,
  "requires": true,
  "packages": {
    "": {
      "dependencies": {
        "@nestjs/swagger": "^11.4.2",
        "nest-keycloak-connect": "^1.10.1",
        "swagger-ui-express": "^5.0.1"
      }
    },
    "node_modules/@microsoft/tsdoc": {
      "version": "0.16.0",
      "resolved": "https://registry.npmjs.org/@microsoft/tsdoc/-/tsdoc-0.16.0.tgz",
      "integrity": "sha512-xgAyonlVVS+q7Vc7qLW0UrJU7rSFcETRWsqdXZtjzRU8dF+6CkozTK4V4y1LwOX7j8r/vHphjDeMeGI4tNGeGA==",
      "license": "MIT"
    },
    "node_modules/@nestjs/mapped-types": {
      "version": "2.1.1",
      "resolved": "https://registry.npmjs.org/@nestjs/mapped-types/-/mapped-types-2.1.1.tgz",
      "integrity": "sha512-SCCoMEJ6jdeI5h/N+KCVF1+pmg/hmEkNA5nHTS8Gvww7T/LCl4o1gFLinw2iQ60w7slFkszHcGLKGdazVI4F8A==",
      "license": "MIT",
      "peerDependencies": {
        "@nestjs/common": "^10.0.0 || ^11.0.0",
        "class-transformer": "^0.4.0 || ^0.5.0",
        "class-validator": "^0.13.0 || ^0.14.0 || ^0.15.0",
        "reflect-metadata": "^0.1.12 || ^0.2.0"
      },
      "peerDependenciesMeta": {
        "class-transformer": {
          "optional": true
        },
        "class-validator": {
          "optional": true
        }
      }
    },
    "node_modules/@nestjs/swagger": {
      "version": "11.4.2",
      "resolved": "https://registry.npmjs.org/@nestjs/swagger/-/swagger-11.4.2.tgz",
      "integrity": "sha512-aBihEogDMj/bLEcaqhkvyX/ZVWUw/bmnhKzR0zwUoyGJikvZyaq7rOPYl/H7Lxkkr3c90SJxyuv1AX2UT1WKlw==",
      "license": "MIT",
      "dependencies": {
        "@microsoft/tsdoc": "0.16.0",
        "@nestjs/mapped-types": "2.1.1",
        "js-yaml": "4.1.1",
        "lodash": "4.18.1",
        "path-to-regexp": "8.4.2",
        "swagger-ui-dist": "5.32.4"
      },
      "peerDependencies": {
        "@fastify/static": "^8.0.0 || ^9.0.0",
        "@nestjs/common": "^11.0.1",
        "@nestjs/core": "^11.0.1",
        "class-transformer": "*",
        "class-validator": "*",
        "reflect-metadata": "^0.1.12 || ^0.2.0"
      },
      "peerDependenciesMeta": {
        "@fastify/static": {
          "optional": true
        },
        "class-transformer": {
          "optional": true
        },
        "class-validator": {
          "optional": true
        }
      }
    },
    "node_modules/@nestjs/swagger/node_modules/path-to-regexp": {
      "version": "8.4.2",
      "resolved": "https://registry.npmjs.org/path-to-regexp/-/path-to-regexp-8.4.2.tgz",
      "integrity": "sha512-qRcuIdP69NPm4qbACK+aDogI5CBDMi1jKe0ry5rSQJz8JVLsC7jV8XpiJjGRLLol3N+R5ihGYcrPLTno6pAdBA==",
      "license": "MIT",
      "funding": {
        "type": "opencollective",
        "url": "https://opencollective.com/express"
      }
    },
    "node_modules/@scarf/scarf": {
      "version": "1.4.0",
      "resolved": "https://registry.npmjs.org/@scarf/scarf/-/scarf-1.4.0.tgz",
      "integrity": "sha512-xxeapPiUXdZAE3che6f3xogoJPeZgig6omHEy1rIY5WVsB3H2BHNnZH+gHG6x91SCWyQCzWGsuL2Hh3ClO5/qQ==",
      "hasInstallScript": true,
      "license": "Apache-2.0"
    },
    "node_modules/argparse": {
      "version": "2.0.1",
      "resolved": "https://registry.npmjs.org/argparse/-/argparse-2.0.1.tgz",
      "integrity": "sha512-8+9WqebbFzpX9OR+Wa6O29asIogeRMzcGtAINdpMHHyAg10f05aSFVBbcEqGf/PXw1EjAZ+q2/bEBg3DvurK3Q==",
      "license": "Python-2.0"
    },
    "node_modules/js-yaml": {
      "version": "4.1.1",
      "resolved": "https://registry.npmjs.org/js-yaml/-/js-yaml-4.1.1.tgz",
      "integrity": "sha512-qQKT4zQxXl8lLwBtHMWwaTcGfFOZviOJet3Oy/xmGk2gZH677CJM9EvtfdSkgWcATZhj/55JZ0rmy3myCT5lsA==",
      "license": "MIT",
      "dependencies": {
        "argparse": "^2.0.1"
      },
      "bin": {
        "js-yaml": "bin/js-yaml.js"
      }
    },
    "node_modules/lodash": {
      "version": "4.18.1",
      "resolved": "https://registry.npmjs.org/lodash/-/lodash-4.18.1.tgz",
      "integrity": "sha512-dMInicTPVE8d1e5otfwmmjlxkZoUpiVLwyeTdUsi/Caj/gfzzblBcCE5sRHV/AsjuCmxWrte2TNGSYuCeCq+0Q==",
      "license": "MIT"
    },
    "node_modules/nest-keycloak-connect": {
      "version": "1.10.1",
      "resolved": "https://registry.npmjs.org/nest-keycloak-connect/-/nest-keycloak-connect-1.10.1.tgz",
      "integrity": "sha512-tvAYOTPFnxDnQI06jrtcJa6UhyqVtah6V/XwRrNCCL2mklPYnfllGMgVJX0sc3Mca5yJiTVDZOoWruSxnM5qtg==",
      "funding": [
        {
          "type": "individual",
          "url": "https://www.paypal.me/ferrerojosh/"
        },
        {
          "type": "github",
          "url": "https://github.com/sponsors/ferrerojosh"
        }
      ],
      "license": "MIT",
      "peerDependencies": {
        "@nestjs/common": ">=6.0.0 <11.0.0",
        "@nestjs/core": ">=6.0.0 <11.0.0",
        "@nestjs/graphql": ">=6",
        "keycloak-connect": ">=10.0.0"
      },
      "peerDependenciesMeta": {
        "@nestjs/graphql": {
          "optional": true
        }
      }
    },
    "node_modules/swagger-ui-dist": {
      "version": "5.32.4",
      "resolved": "https://registry.npmjs.org/swagger-ui-dist/-/swagger-ui-dist-5.32.4.tgz",
      "integrity": "sha512-0AADFFQNJzExEN49SrD/34Nn9cxNxVLiydYl2MBwSZFPVXNkVwC/EFAjoezGGqE8oDegiDC+p47t8lKObCinMQ==",
      "license": "Apache-2.0",
      "dependencies": {
        "@scarf/scarf": "=1.4.0"
      }
    },
    "node_modules/swagger-ui-express": {
      "version": "5.0.1",
      "resolved": "https://registry.npmjs.org/swagger-ui-express/-/swagger-ui-express-5.0.1.tgz",
      "integrity": "sha512-SrNU3RiBGTLLmFU8GIJdOdanJTl4TOmT27tt3bWWHppqYmAZ6IDuEuBvMU6nZq0zLEe6b/1rACXCgLZqO6ZfrA==",
      "license": "MIT",
      "dependencies": {
        "swagger-ui-dist": ">=5.0.0"
      },
      "engines": {
        "node": ">= v0.10.32"
      },
      "peerDependencies": {
        "express": ">=4.0.0 || >=5.0.0-beta"
      }
    }
  }
}
